// !$*UTF8*$!
{
	archiveVersion = 1;
	classes = {
	};
	objectVersion = 46;
	objects = {

/* Begin PBXBuildFile section */
		025DE2001FEB546CD483091B /* Pods.framework in Frameworks */ = {isa = PBXBuildFile; fileRef = 64A93F7BF429B4DC18AEBC9B /* Pods.framework */; };
		49000FA51C59DEF40075F6B1 /* PopUpViewControllerCompartir.swift in Sources */ = {isa = PBXBuildFile; fileRef = 49000FA41C59DEF40075F6B1 /* PopUpViewControllerCompartir.swift */; };
		49000FA71C59DF9C0075F6B1 /* PopUpViewControllerCompartir_iPhone6.xib in Resources */ = {isa = PBXBuildFile; fileRef = 49000FA61C59DF9C0075F6B1 /* PopUpViewControllerCompartir_iPhone6.xib */; };
		49000FA91C59E0EB0075F6B1 /* PopUpViewControllerCompartir_iPhone6Plus.xib in Resources */ = {isa = PBXBuildFile; fileRef = 49000FA81C59E0EB0075F6B1 /* PopUpViewControllerCompartir_iPhone6Plus.xib */; };
		49000FAB1C59E18D0075F6B1 /* PopUpViewControllerCompartir.xib in Resources */ = {isa = PBXBuildFile; fileRef = 49000FAA1C59E18D0075F6B1 /* PopUpViewControllerCompartir.xib */; };
		49000FAD1C59E1C80075F6B1 /* PopUpViewControllerCompartir_iPad.xib in Resources */ = {isa = PBXBuildFile; fileRef = 49000FAC1C59E1C80075F6B1 /* PopUpViewControllerCompartir_iPad.xib */; };
		4905926E1C00E3A1006DDDD0 /* MenuPlatillos.swift in Sources */ = {isa = PBXBuildFile; fileRef = 4905926D1C00E3A1006DDDD0 /* MenuPlatillos.swift */; };
		490592701C00E431006DDDD0 /* TableViewCell.swift in Sources */ = {isa = PBXBuildFile; fileRef = 4905926F1C00E431006DDDD0 /* TableViewCell.swift */; };
		490592721C00F70D006DDDD0 /* FavoritosTableViewController.swift in Sources */ = {isa = PBXBuildFile; fileRef = 490592711C00F70D006DDDD0 /* FavoritosTableViewController.swift */; };
		490592741C00F71C006DDDD0 /* FavoritosTableViewCell.swift in Sources */ = {isa = PBXBuildFile; fileRef = 490592731C00F71C006DDDD0 /* FavoritosTableViewCell.swift */; };
		490592761C00F72D006DDDD0 /* ConsejosTableViewController.swift in Sources */ = {isa = PBXBuildFile; fileRef = 490592751C00F72D006DDDD0 /* ConsejosTableViewController.swift */; };
		490592781C00F742006DDDD0 /* TuCuentaViewController.swift in Sources */ = {isa = PBXBuildFile; fileRef = 490592771C00F742006DDDD0 /* TuCuentaViewController.swift */; };
		4905927C1C00FE50006DDDD0 /* PerfilViewController.swift in Sources */ = {isa = PBXBuildFile; fileRef = 4905927B1C00FE50006DDDD0 /* PerfilViewController.swift */; };
		4905927E1C0131E0006DDDD0 /* ViralizacionTableViewController.swift in Sources */ = {isa = PBXBuildFile; fileRef = 4905927D1C0131E0006DDDD0 /* ViralizacionTableViewController.swift */; };
		490592801C0131EE006DDDD0 /* ViralizacionTableCell.swift in Sources */ = {isa = PBXBuildFile; fileRef = 4905927F1C0131EE006DDDD0 /* ViralizacionTableCell.swift */; };
		4910CA8F1C586F3000EB32C5 /* MenuPlatillosTableViewCell.swift in Sources */ = {isa = PBXBuildFile; fileRef = 4910CA8E1C586F3000EB32C5 /* MenuPlatillosTableViewCell.swift */; };
		4910CA911C69461C00EB32C5 /* RegalosTableViewController.swift in Sources */ = {isa = PBXBuildFile; fileRef = 4910CA901C69461C00EB32C5 /* RegalosTableViewController.swift */; };
		4915766F1BFBCAFB00EE641D /* AppDelegate.swift in Sources */ = {isa = PBXBuildFile; fileRef = 4915766E1BFBCAFB00EE641D /* AppDelegate.swift */; };
		491576711BFBCAFB00EE641D /* MenuController.swift in Sources */ = {isa = PBXBuildFile; fileRef = 491576701BFBCAFB00EE641D /* MenuController.swift */; };
		491576741BFBCAFB00EE641D /* Main.storyboard in Resources */ = {isa = PBXBuildFile; fileRef = 491576721BFBCAFB00EE641D /* Main.storyboard */; };
		491576761BFBCAFC00EE641D /* Images.xcassets in Resources */ = {isa = PBXBuildFile; fileRef = 491576751BFBCAFC00EE641D /* Images.xcassets */; };
		491576791BFBCAFC00EE641D /* LaunchScreen.xib in Resources */ = {isa = PBXBuildFile; fileRef = 491576771BFBCAFC00EE641D /* LaunchScreen.xib */; };
		491576851BFBCAFC00EE641D /* MenuDeslizanteTests.swift in Sources */ = {isa = PBXBuildFile; fileRef = 491576841BFBCAFC00EE641D /* MenuDeslizanteTests.swift */; };
		495947B91C06A7FB0025AE1F /* PageItemController.swift in Sources */ = {isa = PBXBuildFile; fileRef = 495947B81C06A7FB0025AE1F /* PageItemController.swift */; };
		497480891C7576A700B35DDE /* SearchControllerBaseViewController.swift in Sources */ = {isa = PBXBuildFile; fileRef = 497480871C7576A700B35DDE /* SearchControllerBaseViewController.swift */; };
		4974808A1C7576A700B35DDE /* SearchResultsViewController.swift in Sources */ = {isa = PBXBuildFile; fileRef = 497480881C7576A700B35DDE /* SearchResultsViewController.swift */; };
		497B73B61C5597810009E15C /* PopUpViewControllerRegistro.swift in Sources */ = {isa = PBXBuildFile; fileRef = 497B73B51C5597810009E15C /* PopUpViewControllerRegistro.swift */; };
		497B73B81C5597D30009E15C /* PopUpViewControllerRegistro_iPhone6.xib in Resources */ = {isa = PBXBuildFile; fileRef = 497B73B71C5597D30009E15C /* PopUpViewControllerRegistro_iPhone6.xib */; };
		497B73C01C55A8530009E15C /* PopUpViewControllerRegistro_iPad.xib in Resources */ = {isa = PBXBuildFile; fileRef = 497B73BF1C55A8530009E15C /* PopUpViewControllerRegistro_iPad.xib */; };
		497B73C21C55A90A0009E15C /* PopUpViewControllerRegistro_iPhone6Plus.xib in Resources */ = {isa = PBXBuildFile; fileRef = 497B73C11C55A90A0009E15C /* PopUpViewControllerRegistro_iPhone6Plus.xib */; };
		497B73C81C55AD7A0009E15C /* PopUpViewControllerRecuperar.xib in Resources */ = {isa = PBXBuildFile; fileRef = 497B73C71C55AD7A0009E15C /* PopUpViewControllerRecuperar.xib */; };
		497B73CA1C55AE5B0009E15C /* PopUpViewControllerRegistro.xib in Resources */ = {isa = PBXBuildFile; fileRef = 497B73C91C55AE5B0009E15C /* PopUpViewControllerRegistro.xib */; };
		497B73CC1C55AEAC0009E15C /* PopUpViewControllerRecuperar.swift in Sources */ = {isa = PBXBuildFile; fileRef = 497B73CB1C55AEAC0009E15C /* PopUpViewControllerRecuperar.swift */; };
		497B73CE1C55AF430009E15C /* PopUpViewControllerRecuperar_iPad.xib in Resources */ = {isa = PBXBuildFile; fileRef = 497B73CD1C55AF430009E15C /* PopUpViewControllerRecuperar_iPad.xib */; };
		497B73D01C55AFFE0009E15C /* PopUpViewControllerRecuperar_iPhone6.xib in Resources */ = {isa = PBXBuildFile; fileRef = 497B73CF1C55AFFE0009E15C /* PopUpViewControllerRecuperar_iPhone6.xib */; };
		497B73D21C55B0510009E15C /* PopUpViewControllerRecuperar_iPhone6Plus.xib in Resources */ = {isa = PBXBuildFile; fileRef = 497B73D11C55B0510009E15C /* PopUpViewControllerRecuperar_iPhone6Plus.xib */; };
		4982994D1C462BB9003F293C /* ConsejosTableViewCell.swift in Sources */ = {isa = PBXBuildFile; fileRef = 4982994C1C462BB9003F293C /* ConsejosTableViewCell.swift */; };
		4982994F1C465584003F293C /* PasosConsejosViewController.swift in Sources */ = {isa = PBXBuildFile; fileRef = 4982994E1C465584003F293C /* PasosConsejosViewController.swift */; };
		498E91E51C67F8020012327E /* PopUpViewControllerViral.swift in Sources */ = {isa = PBXBuildFile; fileRef = 498E91E41C67F8020012327E /* PopUpViewControllerViral.swift */; };
		49A708A41C3AF25200483CF0 /* PopUpViewControllerDescripcion_iPad.xib in Resources */ = {isa = PBXBuildFile; fileRef = 49A7088B1C3AF25200483CF0 /* PopUpViewControllerDescripcion_iPad.xib */; };
		49A708A51C3AF25200483CF0 /* PopUpViewControllerDescripcion_iPhone6.xib in Resources */ = {isa = PBXBuildFile; fileRef = 49A7088C1C3AF25200483CF0 /* PopUpViewControllerDescripcion_iPhone6.xib */; };
		49A708A61C3AF25200483CF0 /* PopUpViewControllerDescripcion_iPhone6Plus.xib in Resources */ = {isa = PBXBuildFile; fileRef = 49A7088D1C3AF25200483CF0 /* PopUpViewControllerDescripcion_iPhone6Plus.xib */; };
		49A708A71C3AF25200483CF0 /* PopUpViewControllerDescripcion.xib in Resources */ = {isa = PBXBuildFile; fileRef = 49A7088E1C3AF25200483CF0 /* PopUpViewControllerDescripcion.xib */; };
		49A708A81C3AF25200483CF0 /* PopUpViewControllerFormasPago_iPad.xib in Resources */ = {isa = PBXBuildFile; fileRef = 49A7088F1C3AF25200483CF0 /* PopUpViewControllerFormasPago_iPad.xib */; };
		49A708A91C3AF25200483CF0 /* PopUpViewControllerFormasPago_iPhone6.xib in Resources */ = {isa = PBXBuildFile; fileRef = 49A708901C3AF25200483CF0 /* PopUpViewControllerFormasPago_iPhone6.xib */; };
		49A708AA1C3AF25200483CF0 /* PopUpViewControllerFormasPago_iPhone6Plus.xib in Resources */ = {isa = PBXBuildFile; fileRef = 49A708911C3AF25200483CF0 /* PopUpViewControllerFormasPago_iPhone6Plus.xib */; };
		49A708AB1C3AF25200483CF0 /* PopUpViewControllerFormasPago.xib in Resources */ = {isa = PBXBuildFile; fileRef = 49A708921C3AF25200483CF0 /* PopUpViewControllerFormasPago.xib */; };
		49A708AC1C3AF25200483CF0 /* PopUpViewControllerPagoTienda_iPad.xib in Resources */ = {isa = PBXBuildFile; fileRef = 49A708931C3AF25200483CF0 /* PopUpViewControllerPagoTienda_iPad.xib */; };
		49A708AD1C3AF25200483CF0 /* PopUpViewControllerPagoTienda_iPhone6.xib in Resources */ = {isa = PBXBuildFile; fileRef = 49A708941C3AF25200483CF0 /* PopUpViewControllerPagoTienda_iPhone6.xib */; };
		49A708AE1C3AF25200483CF0 /* PopUpViewControllerPagoTienda_iPhone6Plus.xib in Resources */ = {isa = PBXBuildFile; fileRef = 49A708951C3AF25200483CF0 /* PopUpViewControllerPagoTienda_iPhone6Plus.xib */; };
		49A708AF1C3AF25200483CF0 /* PopUpViewControllerPagoTienda.xib in Resources */ = {isa = PBXBuildFile; fileRef = 49A708961C3AF25200483CF0 /* PopUpViewControllerPagoTienda.xib */; };
		49A708B01C3AF25200483CF0 /* PopUpViewControllerTarjetas_iPad.xib in Resources */ = {isa = PBXBuildFile; fileRef = 49A708971C3AF25200483CF0 /* PopUpViewControllerTarjetas_iPad.xib */; };
		49A708B11C3AF25200483CF0 /* PopUpViewControllerTarjetas_iPhone6.xib in Resources */ = {isa = PBXBuildFile; fileRef = 49A708981C3AF25200483CF0 /* PopUpViewControllerTarjetas_iPhone6.xib */; };
		49A708B21C3AF25200483CF0 /* PopUpViewControllerTarjetas_iPhone6Plus.xib in Resources */ = {isa = PBXBuildFile; fileRef = 49A708991C3AF25200483CF0 /* PopUpViewControllerTarjetas_iPhone6Plus.xib */; };
		49A708B31C3AF25200483CF0 /* PopUpViewControllerTarjetas.xib in Resources */ = {isa = PBXBuildFile; fileRef = 49A7089A1C3AF25200483CF0 /* PopUpViewControllerTarjetas.xib */; };
		49A708B41C3AF25200483CF0 /* PopUpViewControllerWallet_iPad.xib in Resources */ = {isa = PBXBuildFile; fileRef = 49A7089B1C3AF25200483CF0 /* PopUpViewControllerWallet_iPad.xib */; };
		49A708B51C3AF25200483CF0 /* PopUpViewControllerWallet_iPhone6.xib in Resources */ = {isa = PBXBuildFile; fileRef = 49A7089C1C3AF25200483CF0 /* PopUpViewControllerWallet_iPhone6.xib */; };
		49A708B61C3AF25200483CF0 /* PopUpViewControllerWallet_iPhone6Plus.xib in Resources */ = {isa = PBXBuildFile; fileRef = 49A7089D1C3AF25200483CF0 /* PopUpViewControllerWallet_iPhone6Plus.xib */; };
		49A708B71C3AF25200483CF0 /* PopUpViewControllerWallet.xib in Resources */ = {isa = PBXBuildFile; fileRef = 49A7089E1C3AF25200483CF0 /* PopUpViewControllerWallet.xib */; };
		49A708B81C3AF25200483CF0 /* PopUpViewControllerDescripcion.swift in Sources */ = {isa = PBXBuildFile; fileRef = 49A7089F1C3AF25200483CF0 /* PopUpViewControllerDescripcion.swift */; };
		49A708B91C3AF25200483CF0 /* PopUpViewControllerFormasPago.swift in Sources */ = {isa = PBXBuildFile; fileRef = 49A708A01C3AF25200483CF0 /* PopUpViewControllerFormasPago.swift */; };
		49A708BA1C3AF25200483CF0 /* PopUpViewControllerPagoTienda.swift in Sources */ = {isa = PBXBuildFile; fileRef = 49A708A11C3AF25200483CF0 /* PopUpViewControllerPagoTienda.swift */; };
		49A708BB1C3AF25200483CF0 /* PopUpViewControllerTarjetas.swift in Sources */ = {isa = PBXBuildFile; fileRef = 49A708A21C3AF25200483CF0 /* PopUpViewControllerTarjetas.swift */; };
		49A708BC1C3AF25200483CF0 /* PopUpViewControllerWallet.swift in Sources */ = {isa = PBXBuildFile; fileRef = 49A708A31C3AF25200483CF0 /* PopUpViewControllerWallet.swift */; };
		49A708C41C3AF26B00483CF0 /* PopUpViewController_iPad.xib in Resources */ = {isa = PBXBuildFile; fileRef = 49A708BE1C3AF26B00483CF0 /* PopUpViewController_iPad.xib */; };
		49A708C51C3AF26B00483CF0 /* PopUpViewController_iPhone6.xib in Resources */ = {isa = PBXBuildFile; fileRef = 49A708BF1C3AF26B00483CF0 /* PopUpViewController_iPhone6.xib */; };
		49A708C61C3AF26B00483CF0 /* PopUpViewController_iPhone6Plus.xib in Resources */ = {isa = PBXBuildFile; fileRef = 49A708C01C3AF26B00483CF0 /* PopUpViewController_iPhone6Plus.xib */; };
		49A708C71C3AF26B00483CF0 /* PopUpViewController.xib in Resources */ = {isa = PBXBuildFile; fileRef = 49A708C11C3AF26B00483CF0 /* PopUpViewController.xib */; };
		49A708C81C3AF26B00483CF0 /* PopUpViewControllerSwift.swift in Sources */ = {isa = PBXBuildFile; fileRef = 49A708C21C3AF26B00483CF0 /* PopUpViewControllerSwift.swift */; };
		49A708D11C3AF44F00483CF0 /* openpay.a in Frameworks */ = {isa = PBXBuildFile; fileRef = 49A708D01C3AF44F00483CF0 /* openpay.a */; };
		49BB0E1F1C1517920079E96D /* PlatillosViewController.swift in Sources */ = {isa = PBXBuildFile; fileRef = 49BB0E1E1C1517920079E96D /* PlatillosViewController.swift */; };
		49BB0E251C151A580079E96D /* CompartirPageItemController.swift in Sources */ = {isa = PBXBuildFile; fileRef = 49BB0E241C151A580079E96D /* CompartirPageItemController.swift */; };
		49BB0E291C152B000079E96D /* FBSDKShareKit.framework in Frameworks */ = {isa = PBXBuildFile; fileRef = 49BB0E281C152B000079E96D /* FBSDKShareKit.framework */; };
		49BB51791BFFD4E9004E002A /* ViewController.swift in Sources */ = {isa = PBXBuildFile; fileRef = 49BB51781BFFD4E9004E002A /* ViewController.swift */; };
		49BB51801BFFD529004E002A /* Bolts.framework in Frameworks */ = {isa = PBXBuildFile; fileRef = 49BB517A1BFFD529004E002A /* Bolts.framework */; };
		49BB51811BFFD529004E002A /* FBSDKCoreKit.framework in Frameworks */ = {isa = PBXBuildFile; fileRef = 49BB517B1BFFD529004E002A /* FBSDKCoreKit.framework */; };
		49BB51821BFFD529004E002A /* FBSDKLoginKit.framework in Frameworks */ = {isa = PBXBuildFile; fileRef = 49BB517C1BFFD529004E002A /* FBSDKLoginKit.framework */; };
		49BB51831BFFD529004E002A /* Parse.framework in Frameworks */ = {isa = PBXBuildFile; fileRef = 49BB517D1BFFD529004E002A /* Parse.framework */; };
		49BB51841BFFD529004E002A /* ParseFacebookUtilsV4.framework in Frameworks */ = {isa = PBXBuildFile; fileRef = 49BB517E1BFFD529004E002A /* ParseFacebookUtilsV4.framework */; };
		49BB51851BFFD529004E002A /* ParseTwitterUtils.framework in Frameworks */ = {isa = PBXBuildFile; fileRef = 49BB517F1BFFD529004E002A /* ParseTwitterUtils.framework */; };
		49BB51941BFFD5E6004E002A /* Accounts.framework in Frameworks */ = {isa = PBXBuildFile; fileRef = 49BB51931BFFD5E6004E002A /* Accounts.framework */; };
		49BB51961BFFD5EE004E002A /* Social.framework in Frameworks */ = {isa = PBXBuildFile; fileRef = 49BB51951BFFD5EE004E002A /* Social.framework */; };
		49BB51981BFFD612004E002A /* SystemConfiguration.framework in Frameworks */ = {isa = PBXBuildFile; fileRef = 49BB51971BFFD612004E002A /* SystemConfiguration.framework */; };
		49BB519A1BFFD61C004E002A /* StoreKit.framework in Frameworks */ = {isa = PBXBuildFile; fileRef = 49BB51991BFFD61C004E002A /* StoreKit.framework */; };
		49BB519C1BFFD625004E002A /* CoreLocation.framework in Frameworks */ = {isa = PBXBuildFile; fileRef = 49BB519B1BFFD625004E002A /* CoreLocation.framework */; };
		49BB519E1BFFD62D004E002A /* QuartzCore.framework in Frameworks */ = {isa = PBXBuildFile; fileRef = 49BB519D1BFFD62D004E002A /* QuartzCore.framework */; };
		49BB51A01BFFD643004E002A /* Security.framework in Frameworks */ = {isa = PBXBuildFile; fileRef = 49BB519F1BFFD643004E002A /* Security.framework */; };
		49BB51A21BFFD657004E002A /* CoreGraphics.framework in Frameworks */ = {isa = PBXBuildFile; fileRef = 49BB51A11BFFD657004E002A /* CoreGraphics.framework */; };
		49BB51A41BFFD65E004E002A /* CFNetwork.framework in Frameworks */ = {isa = PBXBuildFile; fileRef = 49BB51A31BFFD65E004E002A /* CFNetwork.framework */; };
		49BB51A61BFFD664004E002A /* AudioToolbox.framework in Frameworks */ = {isa = PBXBuildFile; fileRef = 49BB51A51BFFD664004E002A /* AudioToolbox.framework */; };
		49C3D3611BFBF6DA003B2344 /* SWRevealViewController.m in Sources */ = {isa = PBXBuildFile; fileRef = 49C3D3601BFBF6DA003B2344 /* SWRevealViewController.m */; };
		49C3D3631BFBF9AF003B2344 /* PrincipalTableViewController.swift in Sources */ = {isa = PBXBuildFile; fileRef = 49C3D3621BFBF9AF003B2344 /* PrincipalTableViewController.swift */; };
		49C3D3651BFC0542003B2344 /* PrincipalTableViewCell.swift in Sources */ = {isa = PBXBuildFile; fileRef = 49C3D3641BFC0542003B2344 /* PrincipalTableViewCell.swift */; };
		49ED44AC1C15382C00BF4D77 /* Fabric.framework in Frameworks */ = {isa = PBXBuildFile; fileRef = 49ED44A81C15382C00BF4D77 /* Fabric.framework */; };
		49ED44AD1C15382C00BF4D77 /* TwitterKit.framework in Frameworks */ = {isa = PBXBuildFile; fileRef = 49ED44A91C15382C00BF4D77 /* TwitterKit.framework */; };
		49ED44AE1C15382C00BF4D77 /* TwitterKitResources.bundle in Resources */ = {isa = PBXBuildFile; fileRef = 49ED44AA1C15382C00BF4D77 /* TwitterKitResources.bundle */; };
		49ED44AF1C15382C00BF4D77 /* TwitterCore.framework in Frameworks */ = {isa = PBXBuildFile; fileRef = 49ED44AB1C15382C00BF4D77 /* TwitterCore.framework */; };
/* End PBXBuildFile section */

/* Begin PBXContainerItemProxy section */
		4915767F1BFBCAFC00EE641D /* PBXContainerItemProxy */ = {
			isa = PBXContainerItemProxy;
			containerPortal = 491576611BFBCAFB00EE641D /* Project object */;
			proxyType = 1;
			remoteGlobalIDString = 491576681BFBCAFB00EE641D;
			remoteInfo = MenuDeslizante;
		};
/* End PBXContainerItemProxy section */

/* Begin PBXFileReference section */
		49000FA41C59DEF40075F6B1 /* PopUpViewControllerCompartir.swift */ = {isa = PBXFileReference; fileEncoding = 4; lastKnownFileType = sourcecode.swift; path = PopUpViewControllerCompartir.swift; sourceTree = "<group>"; };
		49000FA61C59DF9C0075F6B1 /* PopUpViewControllerCompartir_iPhone6.xib */ = {isa = PBXFileReference; fileEncoding = 4; lastKnownFileType = file.xib; path = PopUpViewControllerCompartir_iPhone6.xib; sourceTree = "<group>"; };
		49000FA81C59E0EB0075F6B1 /* PopUpViewControllerCompartir_iPhone6Plus.xib */ = {isa = PBXFileReference; fileEncoding = 4; lastKnownFileType = file.xib; path = PopUpViewControllerCompartir_iPhone6Plus.xib; sourceTree = "<group>"; };
		49000FAA1C59E18D0075F6B1 /* PopUpViewControllerCompartir.xib */ = {isa = PBXFileReference; fileEncoding = 4; lastKnownFileType = file.xib; path = PopUpViewControllerCompartir.xib; sourceTree = "<group>"; };
		49000FAC1C59E1C80075F6B1 /* PopUpViewControllerCompartir_iPad.xib */ = {isa = PBXFileReference; fileEncoding = 4; lastKnownFileType = file.xib; path = PopUpViewControllerCompartir_iPad.xib; sourceTree = "<group>"; };
		4905926D1C00E3A1006DDDD0 /* MenuPlatillos.swift */ = {isa = PBXFileReference; fileEncoding = 4; lastKnownFileType = sourcecode.swift; path = MenuPlatillos.swift; sourceTree = "<group>"; };
		4905926F1C00E431006DDDD0 /* TableViewCell.swift */ = {isa = PBXFileReference; fileEncoding = 4; lastKnownFileType = sourcecode.swift; path = TableViewCell.swift; sourceTree = "<group>"; };
		490592711C00F70D006DDDD0 /* FavoritosTableViewController.swift */ = {isa = PBXFileReference; fileEncoding = 4; lastKnownFileType = sourcecode.swift; path = FavoritosTableViewController.swift; sourceTree = "<group>"; };
		490592731C00F71C006DDDD0 /* FavoritosTableViewCell.swift */ = {isa = PBXFileReference; fileEncoding = 4; lastKnownFileType = sourcecode.swift; path = FavoritosTableViewCell.swift; sourceTree = "<group>"; };
		490592751C00F72D006DDDD0 /* ConsejosTableViewController.swift */ = {isa = PBXFileReference; fileEncoding = 4; lastKnownFileType = sourcecode.swift; path = ConsejosTableViewController.swift; sourceTree = "<group>"; };
		490592771C00F742006DDDD0 /* TuCuentaViewController.swift */ = {isa = PBXFileReference; fileEncoding = 4; lastKnownFileType = sourcecode.swift; path = TuCuentaViewController.swift; sourceTree = "<group>"; };
		4905927B1C00FE50006DDDD0 /* PerfilViewController.swift */ = {isa = PBXFileReference; fileEncoding = 4; lastKnownFileType = sourcecode.swift; path = PerfilViewController.swift; sourceTree = "<group>"; };
		4905927D1C0131E0006DDDD0 /* ViralizacionTableViewController.swift */ = {isa = PBXFileReference; fileEncoding = 4; lastKnownFileType = sourcecode.swift; path = ViralizacionTableViewController.swift; sourceTree = "<group>"; };
		4905927F1C0131EE006DDDD0 /* ViralizacionTableCell.swift */ = {isa = PBXFileReference; fileEncoding = 4; lastKnownFileType = sourcecode.swift; path = ViralizacionTableCell.swift; sourceTree = "<group>"; };
		4910CA8E1C586F3000EB32C5 /* MenuPlatillosTableViewCell.swift */ = {isa = PBXFileReference; fileEncoding = 4; lastKnownFileType = sourcecode.swift; path = MenuPlatillosTableViewCell.swift; sourceTree = "<group>"; };
		4910CA901C69461C00EB32C5 /* RegalosTableViewController.swift */ = {isa = PBXFileReference; fileEncoding = 4; lastKnownFileType = sourcecode.swift; path = RegalosTableViewController.swift; sourceTree = "<group>"; };
		491576691BFBCAFB00EE641D /* MenuDeslizante.app */ = {isa = PBXFileReference; explicitFileType = wrapper.application; includeInIndex = 0; path = MenuDeslizante.app; sourceTree = BUILT_PRODUCTS_DIR; };
		4915766D1BFBCAFB00EE641D /* Info.plist */ = {isa = PBXFileReference; lastKnownFileType = text.plist.xml; path = Info.plist; sourceTree = "<group>"; };
		4915766E1BFBCAFB00EE641D /* AppDelegate.swift */ = {isa = PBXFileReference; lastKnownFileType = sourcecode.swift; path = AppDelegate.swift; sourceTree = "<group>"; };
		491576701BFBCAFB00EE641D /* MenuController.swift */ = {isa = PBXFileReference; lastKnownFileType = sourcecode.swift; path = MenuController.swift; sourceTree = "<group>"; };
		491576731BFBCAFB00EE641D /* Base */ = {isa = PBXFileReference; lastKnownFileType = file.storyboard; name = Base; path = Base.lproj/Main.storyboard; sourceTree = "<group>"; };
		491576751BFBCAFC00EE641D /* Images.xcassets */ = {isa = PBXFileReference; lastKnownFileType = folder.assetcatalog; path = Images.xcassets; sourceTree = "<group>"; };
		491576781BFBCAFC00EE641D /* Base */ = {isa = PBXFileReference; lastKnownFileType = file.xib; name = Base; path = Base.lproj/LaunchScreen.xib; sourceTree = "<group>"; };
		4915767E1BFBCAFC00EE641D /* MenuDeslizanteTests.xctest */ = {isa = PBXFileReference; explicitFileType = wrapper.cfbundle; includeInIndex = 0; path = MenuDeslizanteTests.xctest; sourceTree = BUILT_PRODUCTS_DIR; };
		491576831BFBCAFC00EE641D /* Info.plist */ = {isa = PBXFileReference; lastKnownFileType = text.plist.xml; path = Info.plist; sourceTree = "<group>"; };
		491576841BFBCAFC00EE641D /* MenuDeslizanteTests.swift */ = {isa = PBXFileReference; lastKnownFileType = sourcecode.swift; path = MenuDeslizanteTests.swift; sourceTree = "<group>"; };
		495947B81C06A7FB0025AE1F /* PageItemController.swift */ = {isa = PBXFileReference; fileEncoding = 4; lastKnownFileType = sourcecode.swift; path = PageItemController.swift; sourceTree = "<group>"; };
		497480871C7576A700B35DDE /* SearchControllerBaseViewController.swift */ = {isa = PBXFileReference; fileEncoding = 4; lastKnownFileType = sourcecode.swift; path = SearchControllerBaseViewController.swift; sourceTree = "<group>"; };
		497480881C7576A700B35DDE /* SearchResultsViewController.swift */ = {isa = PBXFileReference; fileEncoding = 4; lastKnownFileType = sourcecode.swift; path = SearchResultsViewController.swift; sourceTree = "<group>"; };
		497B73B51C5597810009E15C /* PopUpViewControllerRegistro.swift */ = {isa = PBXFileReference; fileEncoding = 4; lastKnownFileType = sourcecode.swift; path = PopUpViewControllerRegistro.swift; sourceTree = "<group>"; };
		497B73B71C5597D30009E15C /* PopUpViewControllerRegistro_iPhone6.xib */ = {isa = PBXFileReference; fileEncoding = 4; lastKnownFileType = file.xib; path = PopUpViewControllerRegistro_iPhone6.xib; sourceTree = "<group>"; };
		497B73BF1C55A8530009E15C /* PopUpViewControllerRegistro_iPad.xib */ = {isa = PBXFileReference; fileEncoding = 4; lastKnownFileType = file.xib; path = PopUpViewControllerRegistro_iPad.xib; sourceTree = "<group>"; };
		497B73C11C55A90A0009E15C /* PopUpViewControllerRegistro_iPhone6Plus.xib */ = {isa = PBXFileReference; fileEncoding = 4; lastKnownFileType = file.xib; path = PopUpViewControllerRegistro_iPhone6Plus.xib; sourceTree = "<group>"; };
		497B73C71C55AD7A0009E15C /* PopUpViewControllerRecuperar.xib */ = {isa = PBXFileReference; fileEncoding = 4; lastKnownFileType = file.xib; path = PopUpViewControllerRecuperar.xib; sourceTree = "<group>"; };
		497B73C91C55AE5B0009E15C /* PopUpViewControllerRegistro.xib */ = {isa = PBXFileReference; fileEncoding = 4; lastKnownFileType = file.xib; path = PopUpViewControllerRegistro.xib; sourceTree = "<group>"; };
		497B73CB1C55AEAC0009E15C /* PopUpViewControllerRecuperar.swift */ = {isa = PBXFileReference; fileEncoding = 4; lastKnownFileType = sourcecode.swift; path = PopUpViewControllerRecuperar.swift; sourceTree = "<group>"; };
		497B73CD1C55AF430009E15C /* PopUpViewControllerRecuperar_iPad.xib */ = {isa = PBXFileReference; fileEncoding = 4; lastKnownFileType = file.xib; path = PopUpViewControllerRecuperar_iPad.xib; sourceTree = "<group>"; };
		497B73CF1C55AFFE0009E15C /* PopUpViewControllerRecuperar_iPhone6.xib */ = {isa = PBXFileReference; fileEncoding = 4; lastKnownFileType = file.xib; path = PopUpViewControllerRecuperar_iPhone6.xib; sourceTree = "<group>"; };
		497B73D11C55B0510009E15C /* PopUpViewControllerRecuperar_iPhone6Plus.xib */ = {isa = PBXFileReference; fileEncoding = 4; lastKnownFileType = file.xib; path = PopUpViewControllerRecuperar_iPhone6Plus.xib; sourceTree = "<group>"; };
		4982994C1C462BB9003F293C /* ConsejosTableViewCell.swift */ = {isa = PBXFileReference; fileEncoding = 4; lastKnownFileType = sourcecode.swift; path = ConsejosTableViewCell.swift; sourceTree = "<group>"; };
		4982994E1C465584003F293C /* PasosConsejosViewController.swift */ = {isa = PBXFileReference; fileEncoding = 4; lastKnownFileType = sourcecode.swift; path = PasosConsejosViewController.swift; sourceTree = "<group>"; };
		498E91E41C67F8020012327E /* PopUpViewControllerViral.swift */ = {isa = PBXFileReference; fileEncoding = 4; lastKnownFileType = sourcecode.swift; path = PopUpViewControllerViral.swift; sourceTree = "<group>"; };
		49A7088B1C3AF25200483CF0 /* PopUpViewControllerDescripcion_iPad.xib */ = {isa = PBXFileReference; fileEncoding = 4; lastKnownFileType = file.xib; path = PopUpViewControllerDescripcion_iPad.xib; sourceTree = "<group>"; };
		49A7088C1C3AF25200483CF0 /* PopUpViewControllerDescripcion_iPhone6.xib */ = {isa = PBXFileReference; fileEncoding = 4; lastKnownFileType = file.xib; path = PopUpViewControllerDescripcion_iPhone6.xib; sourceTree = "<group>"; };
		49A7088D1C3AF25200483CF0 /* PopUpViewControllerDescripcion_iPhone6Plus.xib */ = {isa = PBXFileReference; fileEncoding = 4; lastKnownFileType = file.xib; path = PopUpViewControllerDescripcion_iPhone6Plus.xib; sourceTree = "<group>"; };
		49A7088E1C3AF25200483CF0 /* PopUpViewControllerDescripcion.xib */ = {isa = PBXFileReference; fileEncoding = 4; lastKnownFileType = file.xib; path = PopUpViewControllerDescripcion.xib; sourceTree = "<group>"; };
		49A7088F1C3AF25200483CF0 /* PopUpViewControllerFormasPago_iPad.xib */ = {isa = PBXFileReference; fileEncoding = 4; lastKnownFileType = file.xib; path = PopUpViewControllerFormasPago_iPad.xib; sourceTree = "<group>"; };
		49A708901C3AF25200483CF0 /* PopUpViewControllerFormasPago_iPhone6.xib */ = {isa = PBXFileReference; fileEncoding = 4; lastKnownFileType = file.xib; path = PopUpViewControllerFormasPago_iPhone6.xib; sourceTree = "<group>"; };
		49A708911C3AF25200483CF0 /* PopUpViewControllerFormasPago_iPhone6Plus.xib */ = {isa = PBXFileReference; fileEncoding = 4; lastKnownFileType = file.xib; path = PopUpViewControllerFormasPago_iPhone6Plus.xib; sourceTree = "<group>"; };
		49A708921C3AF25200483CF0 /* PopUpViewControllerFormasPago.xib */ = {isa = PBXFileReference; fileEncoding = 4; lastKnownFileType = file.xib; path = PopUpViewControllerFormasPago.xib; sourceTree = "<group>"; };
		49A708931C3AF25200483CF0 /* PopUpViewControllerPagoTienda_iPad.xib */ = {isa = PBXFileReference; fileEncoding = 4; lastKnownFileType = file.xib; path = PopUpViewControllerPagoTienda_iPad.xib; sourceTree = "<group>"; };
		49A708941C3AF25200483CF0 /* PopUpViewControllerPagoTienda_iPhone6.xib */ = {isa = PBXFileReference; fileEncoding = 4; lastKnownFileType = file.xib; path = PopUpViewControllerPagoTienda_iPhone6.xib; sourceTree = "<group>"; };
		49A708951C3AF25200483CF0 /* PopUpViewControllerPagoTienda_iPhone6Plus.xib */ = {isa = PBXFileReference; fileEncoding = 4; lastKnownFileType = file.xib; path = PopUpViewControllerPagoTienda_iPhone6Plus.xib; sourceTree = "<group>"; };
		49A708961C3AF25200483CF0 /* PopUpViewControllerPagoTienda.xib */ = {isa = PBXFileReference; fileEncoding = 4; lastKnownFileType = file.xib; path = PopUpViewControllerPagoTienda.xib; sourceTree = "<group>"; };
		49A708971C3AF25200483CF0 /* PopUpViewControllerTarjetas_iPad.xib */ = {isa = PBXFileReference; fileEncoding = 4; lastKnownFileType = file.xib; path = PopUpViewControllerTarjetas_iPad.xib; sourceTree = "<group>"; };
		49A708981C3AF25200483CF0 /* PopUpViewControllerTarjetas_iPhone6.xib */ = {isa = PBXFileReference; fileEncoding = 4; lastKnownFileType = file.xib; path = PopUpViewControllerTarjetas_iPhone6.xib; sourceTree = "<group>"; };
		49A708991C3AF25200483CF0 /* PopUpViewControllerTarjetas_iPhone6Plus.xib */ = {isa = PBXFileReference; fileEncoding = 4; lastKnownFileType = file.xib; path = PopUpViewControllerTarjetas_iPhone6Plus.xib; sourceTree = "<group>"; };
		49A7089A1C3AF25200483CF0 /* PopUpViewControllerTarjetas.xib */ = {isa = PBXFileReference; fileEncoding = 4; lastKnownFileType = file.xib; path = PopUpViewControllerTarjetas.xib; sourceTree = "<group>"; };
		49A7089B1C3AF25200483CF0 /* PopUpViewControllerWallet_iPad.xib */ = {isa = PBXFileReference; fileEncoding = 4; lastKnownFileType = file.xib; path = PopUpViewControllerWallet_iPad.xib; sourceTree = "<group>"; };
		49A7089C1C3AF25200483CF0 /* PopUpViewControllerWallet_iPhone6.xib */ = {isa = PBXFileReference; fileEncoding = 4; lastKnownFileType = file.xib; path = PopUpViewControllerWallet_iPhone6.xib; sourceTree = "<group>"; };
		49A7089D1C3AF25200483CF0 /* PopUpViewControllerWallet_iPhone6Plus.xib */ = {isa = PBXFileReference; fileEncoding = 4; lastKnownFileType = file.xib; path = PopUpViewControllerWallet_iPhone6Plus.xib; sourceTree = "<group>"; };
		49A7089E1C3AF25200483CF0 /* PopUpViewControllerWallet.xib */ = {isa = PBXFileReference; fileEncoding = 4; lastKnownFileType = file.xib; path = PopUpViewControllerWallet.xib; sourceTree = "<group>"; };
		49A7089F1C3AF25200483CF0 /* PopUpViewControllerDescripcion.swift */ = {isa = PBXFileReference; fileEncoding = 4; lastKnownFileType = sourcecode.swift; path = PopUpViewControllerDescripcion.swift; sourceTree = "<group>"; };
		49A708A01C3AF25200483CF0 /* PopUpViewControllerFormasPago.swift */ = {isa = PBXFileReference; fileEncoding = 4; lastKnownFileType = sourcecode.swift; path = PopUpViewControllerFormasPago.swift; sourceTree = "<group>"; };
		49A708A11C3AF25200483CF0 /* PopUpViewControllerPagoTienda.swift */ = {isa = PBXFileReference; fileEncoding = 4; lastKnownFileType = sourcecode.swift; path = PopUpViewControllerPagoTienda.swift; sourceTree = "<group>"; };
		49A708A21C3AF25200483CF0 /* PopUpViewControllerTarjetas.swift */ = {isa = PBXFileReference; fileEncoding = 4; lastKnownFileType = sourcecode.swift; path = PopUpViewControllerTarjetas.swift; sourceTree = "<group>"; };
		49A708A31C3AF25200483CF0 /* PopUpViewControllerWallet.swift */ = {isa = PBXFileReference; fileEncoding = 4; lastKnownFileType = sourcecode.swift; path = PopUpViewControllerWallet.swift; sourceTree = "<group>"; };
		49A708BE1C3AF26B00483CF0 /* PopUpViewController_iPad.xib */ = {isa = PBXFileReference; fileEncoding = 4; lastKnownFileType = file.xib; path = PopUpViewController_iPad.xib; sourceTree = "<group>"; };
		49A708BF1C3AF26B00483CF0 /* PopUpViewController_iPhone6.xib */ = {isa = PBXFileReference; fileEncoding = 4; lastKnownFileType = file.xib; path = PopUpViewController_iPhone6.xib; sourceTree = "<group>"; };
		49A708C01C3AF26B00483CF0 /* PopUpViewController_iPhone6Plus.xib */ = {isa = PBXFileReference; fileEncoding = 4; lastKnownFileType = file.xib; path = PopUpViewController_iPhone6Plus.xib; sourceTree = "<group>"; };
		49A708C11C3AF26B00483CF0 /* PopUpViewController.xib */ = {isa = PBXFileReference; fileEncoding = 4; lastKnownFileType = file.xib; path = PopUpViewController.xib; sourceTree = "<group>"; };
		49A708C21C3AF26B00483CF0 /* PopUpViewControllerSwift.swift */ = {isa = PBXFileReference; fileEncoding = 4; lastKnownFileType = sourcecode.swift; path = PopUpViewControllerSwift.swift; sourceTree = "<group>"; };
		49A708C91C3AF31400483CF0 /* DeviceCollectorSDK.h */ = {isa = PBXFileReference; fileEncoding = 4; lastKnownFileType = sourcecode.c.h; path = DeviceCollectorSDK.h; sourceTree = "<group>"; };
		49A708CA1C3AF31400483CF0 /* OPAddress.h */ = {isa = PBXFileReference; fileEncoding = 4; lastKnownFileType = sourcecode.c.h; path = OPAddress.h; sourceTree = "<group>"; };
		49A708CB1C3AF31400483CF0 /* OPCard.h */ = {isa = PBXFileReference; fileEncoding = 4; lastKnownFileType = sourcecode.c.h; path = OPCard.h; sourceTree = "<group>"; };
		49A708CC1C3AF31400483CF0 /* Openpay.h */ = {isa = PBXFileReference; fileEncoding = 4; lastKnownFileType = sourcecode.c.h; path = Openpay.h; sourceTree = "<group>"; };
		49A708CD1C3AF31400483CF0 /* OPToken.h */ = {isa = PBXFileReference; fileEncoding = 4; lastKnownFileType = sourcecode.c.h; path = OPToken.h; sourceTree = "<group>"; };
		49A708D01C3AF44F00483CF0 /* openpay.a */ = {isa = PBXFileReference; lastKnownFileType = archive.ar; path = openpay.a; sourceTree = "<group>"; };
		49BB0E1E1C1517920079E96D /* PlatillosViewController.swift */ = {isa = PBXFileReference; fileEncoding = 4; lastKnownFileType = sourcecode.swift; path = PlatillosViewController.swift; sourceTree = "<group>"; };
		49BB0E241C151A580079E96D /* CompartirPageItemController.swift */ = {isa = PBXFileReference; fileEncoding = 4; lastKnownFileType = sourcecode.swift; path = CompartirPageItemController.swift; sourceTree = "<group>"; };
		49BB0E281C152B000079E96D /* FBSDKShareKit.framework */ = {isa = PBXFileReference; lastKnownFileType = wrapper.framework; path = FBSDKShareKit.framework; sourceTree = "<group>"; };
		49BB51781BFFD4E9004E002A /* ViewController.swift */ = {isa = PBXFileReference; fileEncoding = 4; lastKnownFileType = sourcecode.swift; path = ViewController.swift; sourceTree = "<group>"; };
		49BB517A1BFFD529004E002A /* Bolts.framework */ = {isa = PBXFileReference; lastKnownFileType = wrapper.framework; name = Bolts.framework; path = ../../Prueba_Swift/Bolts.framework; sourceTree = "<group>"; };
		49BB517B1BFFD529004E002A /* FBSDKCoreKit.framework */ = {isa = PBXFileReference; lastKnownFileType = wrapper.framework; name = FBSDKCoreKit.framework; path = ../../Prueba_Swift/FBSDKCoreKit.framework; sourceTree = "<group>"; };
		49BB517C1BFFD529004E002A /* FBSDKLoginKit.framework */ = {isa = PBXFileReference; lastKnownFileType = wrapper.framework; name = FBSDKLoginKit.framework; path = ../../Prueba_Swift/FBSDKLoginKit.framework; sourceTree = "<group>"; };
		49BB517D1BFFD529004E002A /* Parse.framework */ = {isa = PBXFileReference; lastKnownFileType = wrapper.framework; name = Parse.framework; path = ../../Prueba_Swift/Parse.framework; sourceTree = "<group>"; };
		49BB517E1BFFD529004E002A /* ParseFacebookUtilsV4.framework */ = {isa = PBXFileReference; lastKnownFileType = wrapper.framework; name = ParseFacebookUtilsV4.framework; path = ../../Prueba_Swift/ParseFacebookUtilsV4.framework; sourceTree = "<group>"; };
		49BB517F1BFFD529004E002A /* ParseTwitterUtils.framework */ = {isa = PBXFileReference; lastKnownFileType = wrapper.framework; name = ParseTwitterUtils.framework; path = ../../Prueba_Swift/ParseTwitterUtils.framework; sourceTree = "<group>"; };
		49BB51931BFFD5E6004E002A /* Accounts.framework */ = {isa = PBXFileReference; lastKnownFileType = wrapper.framework; name = Accounts.framework; path = System/Library/Frameworks/Accounts.framework; sourceTree = SDKROOT; };
		49BB51951BFFD5EE004E002A /* Social.framework */ = {isa = PBXFileReference; lastKnownFileType = wrapper.framework; name = Social.framework; path = System/Library/Frameworks/Social.framework; sourceTree = SDKROOT; };
		49BB51971BFFD612004E002A /* SystemConfiguration.framework */ = {isa = PBXFileReference; lastKnownFileType = wrapper.framework; name = SystemConfiguration.framework; path = System/Library/Frameworks/SystemConfiguration.framework; sourceTree = SDKROOT; };
		49BB51991BFFD61C004E002A /* StoreKit.framework */ = {isa = PBXFileReference; lastKnownFileType = wrapper.framework; name = StoreKit.framework; path = System/Library/Frameworks/StoreKit.framework; sourceTree = SDKROOT; };
		49BB519B1BFFD625004E002A /* CoreLocation.framework */ = {isa = PBXFileReference; lastKnownFileType = wrapper.framework; name = CoreLocation.framework; path = System/Library/Frameworks/CoreLocation.framework; sourceTree = SDKROOT; };
		49BB519D1BFFD62D004E002A /* QuartzCore.framework */ = {isa = PBXFileReference; lastKnownFileType = wrapper.framework; name = QuartzCore.framework; path = System/Library/Frameworks/QuartzCore.framework; sourceTree = SDKROOT; };
		49BB519F1BFFD643004E002A /* Security.framework */ = {isa = PBXFileReference; lastKnownFileType = wrapper.framework; name = Security.framework; path = System/Library/Frameworks/Security.framework; sourceTree = SDKROOT; };
		49BB51A11BFFD657004E002A /* CoreGraphics.framework */ = {isa = PBXFileReference; lastKnownFileType = wrapper.framework; name = CoreGraphics.framework; path = System/Library/Frameworks/CoreGraphics.framework; sourceTree = SDKROOT; };
		49BB51A31BFFD65E004E002A /* CFNetwork.framework */ = {isa = PBXFileReference; lastKnownFileType = wrapper.framework; name = CFNetwork.framework; path = System/Library/Frameworks/CFNetwork.framework; sourceTree = SDKROOT; };
		49BB51A51BFFD664004E002A /* AudioToolbox.framework */ = {isa = PBXFileReference; lastKnownFileType = wrapper.framework; name = AudioToolbox.framework; path = System/Library/Frameworks/AudioToolbox.framework; sourceTree = SDKROOT; };
		49C3D35E1BFBF6D9003B2344 /* MenuDeslizante-Bridging-Header.h */ = {isa = PBXFileReference; lastKnownFileType = sourcecode.c.h; path = "MenuDeslizante-Bridging-Header.h"; sourceTree = "<group>"; };
		49C3D35F1BFBF6DA003B2344 /* SWRevealViewController.h */ = {isa = PBXFileReference; fileEncoding = 4; lastKnownFileType = sourcecode.c.h; path = SWRevealViewController.h; sourceTree = "<group>"; };
		49C3D3601BFBF6DA003B2344 /* SWRevealViewController.m */ = {isa = PBXFileReference; fileEncoding = 4; lastKnownFileType = sourcecode.c.objc; path = SWRevealViewController.m; sourceTree = "<group>"; };
		49C3D3621BFBF9AF003B2344 /* PrincipalTableViewController.swift */ = {isa = PBXFileReference; fileEncoding = 4; lastKnownFileType = sourcecode.swift; path = PrincipalTableViewController.swift; sourceTree = "<group>"; };
		49C3D3641BFC0542003B2344 /* PrincipalTableViewCell.swift */ = {isa = PBXFileReference; fileEncoding = 4; lastKnownFileType = sourcecode.swift; path = PrincipalTableViewCell.swift; sourceTree = "<group>"; };
		49ED44A81C15382C00BF4D77 /* Fabric.framework */ = {isa = PBXFileReference; lastKnownFileType = wrapper.framework; path = Fabric.framework; sourceTree = "<group>"; };
		49ED44A91C15382C00BF4D77 /* TwitterKit.framework */ = {isa = PBXFileReference; lastKnownFileType = wrapper.framework; path = TwitterKit.framework; sourceTree = "<group>"; };
		49ED44AA1C15382C00BF4D77 /* TwitterKitResources.bundle */ = {isa = PBXFileReference; lastKnownFileType = "wrapper.plug-in"; name = TwitterKitResources.bundle; path = TwitterKit.framework/Versions/A/Resources/TwitterKitResources.bundle; sourceTree = "<group>"; };
		49ED44AB1C15382C00BF4D77 /* TwitterCore.framework */ = {isa = PBXFileReference; lastKnownFileType = wrapper.framework; path = TwitterCore.framework; sourceTree = "<group>"; };
		5BEA89E15BD88CC6203F403D /* Pods.release.xcconfig */ = {isa = PBXFileReference; includeInIndex = 1; lastKnownFileType = text.xcconfig; name = Pods.release.xcconfig; path = "Pods/Target Support Files/Pods/Pods.release.xcconfig"; sourceTree = "<group>"; };
		64A93F7BF429B4DC18AEBC9B /* Pods.framework */ = {isa = PBXFileReference; explicitFileType = wrapper.framework; includeInIndex = 0; path = Pods.framework; sourceTree = BUILT_PRODUCTS_DIR; };
		6CE5C88EDA204E6217BFF680 /* Pods.debug.xcconfig */ = {isa = PBXFileReference; includeInIndex = 1; lastKnownFileType = text.xcconfig; name = Pods.debug.xcconfig; path = "Pods/Target Support Files/Pods/Pods.debug.xcconfig"; sourceTree = "<group>"; };
/* End PBXFileReference section */

/* Begin PBXFrameworksBuildPhase section */
		491576661BFBCAFB00EE641D /* Frameworks */ = {
			isa = PBXFrameworksBuildPhase;
			buildActionMask = 2147483647;
			files = (
				49A708D11C3AF44F00483CF0 /* openpay.a in Frameworks */,
				49BB51A61BFFD664004E002A /* AudioToolbox.framework in Frameworks */,
				49BB51A41BFFD65E004E002A /* CFNetwork.framework in Frameworks */,
				49BB0E291C152B000079E96D /* FBSDKShareKit.framework in Frameworks */,
				49BB51A21BFFD657004E002A /* CoreGraphics.framework in Frameworks */,
				49BB519C1BFFD625004E002A /* CoreLocation.framework in Frameworks */,
				49ED44AF1C15382C00BF4D77 /* TwitterCore.framework in Frameworks */,
				49ED44AD1C15382C00BF4D77 /* TwitterKit.framework in Frameworks */,
				49ED44AC1C15382C00BF4D77 /* Fabric.framework in Frameworks */,
				49BB51A01BFFD643004E002A /* Security.framework in Frameworks */,
				49BB519E1BFFD62D004E002A /* QuartzCore.framework in Frameworks */,
				49BB519A1BFFD61C004E002A /* StoreKit.framework in Frameworks */,
				49BB51981BFFD612004E002A /* SystemConfiguration.framework in Frameworks */,
				49BB51961BFFD5EE004E002A /* Social.framework in Frameworks */,
				49BB51941BFFD5E6004E002A /* Accounts.framework in Frameworks */,
				49BB51801BFFD529004E002A /* Bolts.framework in Frameworks */,
				49BB51811BFFD529004E002A /* FBSDKCoreKit.framework in Frameworks */,
				49BB51821BFFD529004E002A /* FBSDKLoginKit.framework in Frameworks */,
				49BB51831BFFD529004E002A /* Parse.framework in Frameworks */,
				49BB51841BFFD529004E002A /* ParseFacebookUtilsV4.framework in Frameworks */,
				49BB51851BFFD529004E002A /* ParseTwitterUtils.framework in Frameworks */,
				025DE2001FEB546CD483091B /* Pods.framework in Frameworks */,
			);
			runOnlyForDeploymentPostprocessing = 0;
		};
		4915767B1BFBCAFC00EE641D /* Frameworks */ = {
			isa = PBXFrameworksBuildPhase;
			buildActionMask = 2147483647;
			files = (
			);
			runOnlyForDeploymentPostprocessing = 0;
		};
/* End PBXFrameworksBuildPhase section */

/* Begin PBXGroup section */
		4905926B1C00DFBC006DDDD0 /* Views */ = {
			isa = PBXGroup;
			children = (
				497B73D51C55E7A20009E15C /* TableViewCell */,
				497B73D41C55E7960009E15C /* ViewControllers */,
				497B73D31C55E78A0009E15C /* TableViews */,
				495947B81C06A7FB0025AE1F /* PageItemController.swift */,
				49BB0E241C151A580079E96D /* CompartirPageItemController.swift */,
			);
			name = Views;
			sourceTree = "<group>";
		};
		4905926C1C00DFE1006DDDD0 /* Main */ = {
			isa = PBXGroup;
			children = (
				4915766E1BFBCAFB00EE641D /* AppDelegate.swift */,
				491576701BFBCAFB00EE641D /* MenuController.swift */,
				49BB51781BFFD4E9004E002A /* ViewController.swift */,
			);
			name = Main;
			sourceTree = "<group>";
		};
		491576601BFBCAFB00EE641D = {
			isa = PBXGroup;
			children = (
				4915766B1BFBCAFB00EE641D /* MenuDeslizante */,
				491576811BFBCAFC00EE641D /* MenuDeslizanteTests */,
				4915766A1BFBCAFB00EE641D /* Products */,
				49BB51861BFFD535004E002A /* Frameworks */,
				98EFDBAA1DEB32A689999890 /* Pods */,
			);
			sourceTree = "<group>";
		};
		4915766A1BFBCAFB00EE641D /* Products */ = {
			isa = PBXGroup;
			children = (
				491576691BFBCAFB00EE641D /* MenuDeslizante.app */,
				4915767E1BFBCAFC00EE641D /* MenuDeslizanteTests.xctest */,
			);
			name = Products;
			sourceTree = "<group>";
		};
		4915766B1BFBCAFB00EE641D /* MenuDeslizante */ = {
			isa = PBXGroup;
			children = (
				497480861C75768E00B35DDE /* Buscador */,
				49A7088A1C3AF21200483CF0 /* PopUp */,
				4905926C1C00DFE1006DDDD0 /* Main */,
				4905926B1C00DFBC006DDDD0 /* Views */,
				49C3D35D1BFBF6BE003B2344 /* bibliotecas */,
				491576721BFBCAFB00EE641D /* Main.storyboard */,
				491576751BFBCAFC00EE641D /* Images.xcassets */,
				491576771BFBCAFC00EE641D /* LaunchScreen.xib */,
				4915766C1BFBCAFB00EE641D /* Supporting Files */,
			);
			path = MenuDeslizante;
			sourceTree = "<group>";
		};
		4915766C1BFBCAFB00EE641D /* Supporting Files */ = {
			isa = PBXGroup;
			children = (
				4915766D1BFBCAFB00EE641D /* Info.plist */,
			);
			name = "Supporting Files";
			sourceTree = "<group>";
		};
		491576811BFBCAFC00EE641D /* MenuDeslizanteTests */ = {
			isa = PBXGroup;
			children = (
				491576841BFBCAFC00EE641D /* MenuDeslizanteTests.swift */,
				491576821BFBCAFC00EE641D /* Supporting Files */,
			);
			path = MenuDeslizanteTests;
			sourceTree = "<group>";
		};
		491576821BFBCAFC00EE641D /* Supporting Files */ = {
			isa = PBXGroup;
			children = (
				491576831BFBCAFC00EE641D /* Info.plist */,
			);
			name = "Supporting Files";
			sourceTree = "<group>";
		};
		4951B4971C59DC15002FD338 /* Compartir */ = {
			isa = PBXGroup;
			children = (
				49000FA61C59DF9C0075F6B1 /* PopUpViewControllerCompartir_iPhone6.xib */,
				49000FA81C59E0EB0075F6B1 /* PopUpViewControllerCompartir_iPhone6Plus.xib */,
				49000FAA1C59E18D0075F6B1 /* PopUpViewControllerCompartir.xib */,
				49000FAC1C59E1C80075F6B1 /* PopUpViewControllerCompartir_iPad.xib */,
				49000FA41C59DEF40075F6B1 /* PopUpViewControllerCompartir.swift */,
			);
			name = Compartir;
			sourceTree = "<group>";
		};
		497480861C75768E00B35DDE /* Buscador */ = {
			isa = PBXGroup;
			children = (
				497480871C7576A700B35DDE /* SearchControllerBaseViewController.swift */,
				497480881C7576A700B35DDE /* SearchResultsViewController.swift */,
			);
			name = Buscador;
			sourceTree = "<group>";
		};
		497B73B41C55974B0009E15C /* NuevoUsuario */ = {
			isa = PBXGroup;
			children = (
				497B73C61C55AD5C0009E15C /* Recuperar password */,
				497B73B91C5599B20009E15C /* Registro */,
			);
			name = NuevoUsuario;
			sourceTree = "<group>";
		};
		497B73B91C5599B20009E15C /* Registro */ = {
			isa = PBXGroup;
			children = (
				497B73B71C5597D30009E15C /* PopUpViewControllerRegistro_iPhone6.xib */,
				497B73BF1C55A8530009E15C /* PopUpViewControllerRegistro_iPad.xib */,
				497B73C11C55A90A0009E15C /* PopUpViewControllerRegistro_iPhone6Plus.xib */,
				497B73C91C55AE5B0009E15C /* PopUpViewControllerRegistro.xib */,
				497B73B51C5597810009E15C /* PopUpViewControllerRegistro.swift */,
			);
			name = Registro;
			sourceTree = "<group>";
		};
		497B73C61C55AD5C0009E15C /* Recuperar password */ = {
			isa = PBXGroup;
			children = (
				497B73C71C55AD7A0009E15C /* PopUpViewControllerRecuperar.xib */,
				497B73CD1C55AF430009E15C /* PopUpViewControllerRecuperar_iPad.xib */,
				497B73CF1C55AFFE0009E15C /* PopUpViewControllerRecuperar_iPhone6.xib */,
				497B73D11C55B0510009E15C /* PopUpViewControllerRecuperar_iPhone6Plus.xib */,
				497B73CB1C55AEAC0009E15C /* PopUpViewControllerRecuperar.swift */,
			);
			name = "Recuperar password";
			sourceTree = "<group>";
		};
		497B73D31C55E78A0009E15C /* TableViews */ = {
			isa = PBXGroup;
			children = (
				4905926D1C00E3A1006DDDD0 /* MenuPlatillos.swift */,
				49C3D3621BFBF9AF003B2344 /* PrincipalTableViewController.swift */,
				490592711C00F70D006DDDD0 /* FavoritosTableViewController.swift */,
				490592751C00F72D006DDDD0 /* ConsejosTableViewController.swift */,
				4905927D1C0131E0006DDDD0 /* ViralizacionTableViewController.swift */,
				4910CA901C69461C00EB32C5 /* RegalosTableViewController.swift */,
			);
			name = TableViews;
			sourceTree = "<group>";
		};
		497B73D41C55E7960009E15C /* ViewControllers */ = {
			isa = PBXGroup;
			children = (
				490592771C00F742006DDDD0 /* TuCuentaViewController.swift */,
				4905927B1C00FE50006DDDD0 /* PerfilViewController.swift */,
				49BB0E1E1C1517920079E96D /* PlatillosViewController.swift */,
				4982994E1C465584003F293C /* PasosConsejosViewController.swift */,
			);
			name = ViewControllers;
			sourceTree = "<group>";
		};
		497B73D51C55E7A20009E15C /* TableViewCell */ = {
			isa = PBXGroup;
			children = (
				49C3D3641BFC0542003B2344 /* PrincipalTableViewCell.swift */,
				4905926F1C00E431006DDDD0 /* TableViewCell.swift */,
				490592731C00F71C006DDDD0 /* FavoritosTableViewCell.swift */,
				4982994C1C462BB9003F293C /* ConsejosTableViewCell.swift */,
				4905927F1C0131EE006DDDD0 /* ViralizacionTableCell.swift */,
				4910CA8E1C586F3000EB32C5 /* MenuPlatillosTableViewCell.swift */,
			);
			name = TableViewCell;
			sourceTree = "<group>";
		};
		498E91E31C67F7D80012327E /* Viral */ = {
			isa = PBXGroup;
			children = (
				498E91E41C67F8020012327E /* PopUpViewControllerViral.swift */,
			);
			name = Viral;
			sourceTree = "<group>";
		};
		49A7088A1C3AF21200483CF0 /* PopUp */ = {
			isa = PBXGroup;
			children = (
				498E91E31C67F7D80012327E /* Viral */,
				4951B4971C59DC15002FD338 /* Compartir */,
				497B73B41C55974B0009E15C /* NuevoUsuario */,
				49A708D81C3AF94300483CF0 /* PopUpPrincipal */,
				49A708D71C3AF93300483CF0 /* DescripcionDelProductoCuandoNoSeEncuentraRegistroDelCliente */,
				49A708D61C3AF90D00483CF0 /* PopUpViewControllerFormasDePago */,
				49A708D31C3AF86F00483CF0 /* PopUpViewControllerTarjetas */,
				49A708D21C3AF7FC00483CF0 /* PopUpViewControllerPagoTiendas */,
			);
			name = PopUp;
			sourceTree = "<group>";
		};
		49A708D21C3AF7FC00483CF0 /* PopUpViewControllerPagoTiendas */ = {
			isa = PBXGroup;
			children = (
				49A708931C3AF25200483CF0 /* PopUpViewControllerPagoTienda_iPad.xib */,
				49A708941C3AF25200483CF0 /* PopUpViewControllerPagoTienda_iPhone6.xib */,
				49A708951C3AF25200483CF0 /* PopUpViewControllerPagoTienda_iPhone6Plus.xib */,
				49A708961C3AF25200483CF0 /* PopUpViewControllerPagoTienda.xib */,
				49A708A11C3AF25200483CF0 /* PopUpViewControllerPagoTienda.swift */,
			);
			name = PopUpViewControllerPagoTiendas;
			sourceTree = "<group>";
		};
		49A708D31C3AF86F00483CF0 /* PopUpViewControllerTarjetas */ = {
			isa = PBXGroup;
			children = (
				49A708D51C3AF8CF00483CF0 /* Tarjeta */,
				49A708D41C3AF8BD00483CF0 /* Wallet */,
			);
			name = PopUpViewControllerTarjetas;
			sourceTree = "<group>";
		};
		49A708D41C3AF8BD00483CF0 /* Wallet */ = {
			isa = PBXGroup;
			children = (
				49A7089B1C3AF25200483CF0 /* PopUpViewControllerWallet_iPad.xib */,
				49A7089C1C3AF25200483CF0 /* PopUpViewControllerWallet_iPhone6.xib */,
				49A7089D1C3AF25200483CF0 /* PopUpViewControllerWallet_iPhone6Plus.xib */,
				49A7089E1C3AF25200483CF0 /* PopUpViewControllerWallet.xib */,
				49A708A31C3AF25200483CF0 /* PopUpViewControllerWallet.swift */,
			);
			name = Wallet;
			sourceTree = "<group>";
		};
		49A708D51C3AF8CF00483CF0 /* Tarjeta */ = {
			isa = PBXGroup;
			children = (
				49A708971C3AF25200483CF0 /* PopUpViewControllerTarjetas_iPad.xib */,
				49A708981C3AF25200483CF0 /* PopUpViewControllerTarjetas_iPhone6.xib */,
				49A708991C3AF25200483CF0 /* PopUpViewControllerTarjetas_iPhone6Plus.xib */,
				49A7089A1C3AF25200483CF0 /* PopUpViewControllerTarjetas.xib */,
				49A708A21C3AF25200483CF0 /* PopUpViewControllerTarjetas.swift */,
			);
			name = Tarjeta;
			sourceTree = "<group>";
		};
		49A708D61C3AF90D00483CF0 /* PopUpViewControllerFormasDePago */ = {
			isa = PBXGroup;
			children = (
				49A7088F1C3AF25200483CF0 /* PopUpViewControllerFormasPago_iPad.xib */,
				49A708901C3AF25200483CF0 /* PopUpViewControllerFormasPago_iPhone6.xib */,
				49A708911C3AF25200483CF0 /* PopUpViewControllerFormasPago_iPhone6Plus.xib */,
				49A708921C3AF25200483CF0 /* PopUpViewControllerFormasPago.xib */,
				49A708A01C3AF25200483CF0 /* PopUpViewControllerFormasPago.swift */,
			);
			name = PopUpViewControllerFormasDePago;
			sourceTree = "<group>";
		};
		49A708D71C3AF93300483CF0 /* DescripcionDelProductoCuandoNoSeEncuentraRegistroDelCliente */ = {
			isa = PBXGroup;
			children = (
				49A7088B1C3AF25200483CF0 /* PopUpViewControllerDescripcion_iPad.xib */,
				49A7088C1C3AF25200483CF0 /* PopUpViewControllerDescripcion_iPhone6.xib */,
				49A7088D1C3AF25200483CF0 /* PopUpViewControllerDescripcion_iPhone6Plus.xib */,
				49A7088E1C3AF25200483CF0 /* PopUpViewControllerDescripcion.xib */,
				49A7089F1C3AF25200483CF0 /* PopUpViewControllerDescripcion.swift */,
			);
			name = DescripcionDelProductoCuandoNoSeEncuentraRegistroDelCliente;
			sourceTree = "<group>";
		};
		49A708D81C3AF94300483CF0 /* PopUpPrincipal */ = {
			isa = PBXGroup;
			children = (
				49A708BE1C3AF26B00483CF0 /* PopUpViewController_iPad.xib */,
				49A708BF1C3AF26B00483CF0 /* PopUpViewController_iPhone6.xib */,
				49A708C01C3AF26B00483CF0 /* PopUpViewController_iPhone6Plus.xib */,
				49A708C11C3AF26B00483CF0 /* PopUpViewController.xib */,
				49A708C21C3AF26B00483CF0 /* PopUpViewControllerSwift.swift */,
			);
			name = PopUpPrincipal;
			sourceTree = "<group>";
		};
		49BB51861BFFD535004E002A /* Frameworks */ = {
			isa = PBXGroup;
			children = (
				49A708D01C3AF44F00483CF0 /* openpay.a */,
				49ED44A81C15382C00BF4D77 /* Fabric.framework */,
				49ED44A91C15382C00BF4D77 /* TwitterKit.framework */,
				49ED44AA1C15382C00BF4D77 /* TwitterKitResources.bundle */,
				49ED44AB1C15382C00BF4D77 /* TwitterCore.framework */,
				49BB0E281C152B000079E96D /* FBSDKShareKit.framework */,
				49BB51A51BFFD664004E002A /* AudioToolbox.framework */,
				49BB51A31BFFD65E004E002A /* CFNetwork.framework */,
				49BB51A11BFFD657004E002A /* CoreGraphics.framework */,
				49BB519F1BFFD643004E002A /* Security.framework */,
				49BB519D1BFFD62D004E002A /* QuartzCore.framework */,
				49BB519B1BFFD625004E002A /* CoreLocation.framework */,
				49BB51991BFFD61C004E002A /* StoreKit.framework */,
				49BB51971BFFD612004E002A /* SystemConfiguration.framework */,
				49BB51951BFFD5EE004E002A /* Social.framework */,
				49BB51931BFFD5E6004E002A /* Accounts.framework */,
				49BB517A1BFFD529004E002A /* Bolts.framework */,
				49BB517B1BFFD529004E002A /* FBSDKCoreKit.framework */,
				49BB517C1BFFD529004E002A /* FBSDKLoginKit.framework */,
				49BB517D1BFFD529004E002A /* Parse.framework */,
				49BB517E1BFFD529004E002A /* ParseFacebookUtilsV4.framework */,
				49BB517F1BFFD529004E002A /* ParseTwitterUtils.framework */,
				64A93F7BF429B4DC18AEBC9B /* Pods.framework */,
			);
			name = Frameworks;
			sourceTree = "<group>";
		};
		49C3D35D1BFBF6BE003B2344 /* bibliotecas */ = {
			isa = PBXGroup;
			children = (
				49A708C91C3AF31400483CF0 /* DeviceCollectorSDK.h */,
				49A708CA1C3AF31400483CF0 /* OPAddress.h */,
				49A708CB1C3AF31400483CF0 /* OPCard.h */,
				49A708CC1C3AF31400483CF0 /* Openpay.h */,
				49A708CD1C3AF31400483CF0 /* OPToken.h */,
				49C3D35F1BFBF6DA003B2344 /* SWRevealViewController.h */,
				49C3D3601BFBF6DA003B2344 /* SWRevealViewController.m */,
				49C3D35E1BFBF6D9003B2344 /* MenuDeslizante-Bridging-Header.h */,
			);
			name = bibliotecas;
			sourceTree = "<group>";
		};
		98EFDBAA1DEB32A689999890 /* Pods */ = {
			isa = PBXGroup;
			children = (
				6CE5C88EDA204E6217BFF680 /* Pods.debug.xcconfig */,
				5BEA89E15BD88CC6203F403D /* Pods.release.xcconfig */,
			);
			name = Pods;
			sourceTree = "<group>";
		};
/* End PBXGroup section */

/* Begin PBXNativeTarget section */
		491576681BFBCAFB00EE641D /* MenuDeslizante */ = {
			isa = PBXNativeTarget;
			buildConfigurationList = 491576881BFBCAFC00EE641D /* Build configuration list for PBXNativeTarget "MenuDeslizante" */;
			buildPhases = (
				6256B5C055FC524CC6DD7B44 /* Check Pods Manifest.lock */,
				491576651BFBCAFB00EE641D /* Sources */,
				491576661BFBCAFB00EE641D /* Frameworks */,
				491576671BFBCAFB00EE641D /* Resources */,
				49ED44A71C15377B00BF4D77 /* ShellScript */,
				4C444DC6A65E12C796FBD8CA /* Embed Pods Frameworks */,
				74C5E8B54517B2509464B34E /* Copy Pods Resources */,
			);
			buildRules = (
			);
			dependencies = (
			);
			name = MenuDeslizante;
			productName = MenuDeslizante;
			productReference = 491576691BFBCAFB00EE641D /* MenuDeslizante.app */;
			productType = "com.apple.product-type.application";
		};
		4915767D1BFBCAFC00EE641D /* MenuDeslizanteTests */ = {
			isa = PBXNativeTarget;
			buildConfigurationList = 4915768B1BFBCAFC00EE641D /* Build configuration list for PBXNativeTarget "MenuDeslizanteTests" */;
			buildPhases = (
				4915767A1BFBCAFC00EE641D /* Sources */,
				4915767B1BFBCAFC00EE641D /* Frameworks */,
				4915767C1BFBCAFC00EE641D /* Resources */,
			);
			buildRules = (
			);
			dependencies = (
				491576801BFBCAFC00EE641D /* PBXTargetDependency */,
			);
			name = MenuDeslizanteTests;
			productName = MenuDeslizanteTests;
			productReference = 4915767E1BFBCAFC00EE641D /* MenuDeslizanteTests.xctest */;
			productType = "com.apple.product-type.bundle.unit-test";
		};
/* End PBXNativeTarget section */

/* Begin PBXProject section */
		491576611BFBCAFB00EE641D /* Project object */ = {
			isa = PBXProject;
			attributes = {
				LastSwiftUpdateCheck = 0710;
				LastUpgradeCheck = 0710;
				ORGANIZATIONNAME = "sergio ivan lopez monzon";
				TargetAttributes = {
					491576681BFBCAFB00EE641D = {
						CreatedOnToolsVersion = 6.3;
						DevelopmentTeam = FN75477QMR;
					};
					4915767D1BFBCAFC00EE641D = {
						CreatedOnToolsVersion = 6.3;
						TestTargetID = 491576681BFBCAFB00EE641D;
					};
				};
			};
			buildConfigurationList = 491576641BFBCAFB00EE641D /* Build configuration list for PBXProject "MenuDeslizante" */;
			compatibilityVersion = "Xcode 3.2";
			developmentRegion = English;
			hasScannedForEncodings = 0;
			knownRegions = (
				en,
				Base,
			);
			mainGroup = 491576601BFBCAFB00EE641D;
			productRefGroup = 4915766A1BFBCAFB00EE641D /* Products */;
			projectDirPath = "";
			projectRoot = "";
			targets = (
				491576681BFBCAFB00EE641D /* MenuDeslizante */,
				4915767D1BFBCAFC00EE641D /* MenuDeslizanteTests */,
			);
		};
/* End PBXProject section */

/* Begin PBXResourcesBuildPhase section */
		491576671BFBCAFB00EE641D /* Resources */ = {
			isa = PBXResourcesBuildPhase;
			buildActionMask = 2147483647;
			files = (
				49000FAD1C59E1C80075F6B1 /* PopUpViewControllerCompartir_iPad.xib in Resources */,
				49A708AB1C3AF25200483CF0 /* PopUpViewControllerFormasPago.xib in Resources */,
				49A708B31C3AF25200483CF0 /* PopUpViewControllerTarjetas.xib in Resources */,
				49ED44AE1C15382C00BF4D77 /* TwitterKitResources.bundle in Resources */,
				49A708C61C3AF26B00483CF0 /* PopUpViewController_iPhone6Plus.xib in Resources */,
				491576741BFBCAFB00EE641D /* Main.storyboard in Resources */,
				49A708B51C3AF25200483CF0 /* PopUpViewControllerWallet_iPhone6.xib in Resources */,
				49A708AF1C3AF25200483CF0 /* PopUpViewControllerPagoTienda.xib in Resources */,
				49A708B01C3AF25200483CF0 /* PopUpViewControllerTarjetas_iPad.xib in Resources */,
				497B73C01C55A8530009E15C /* PopUpViewControllerRegistro_iPad.xib in Resources */,
				49A708A61C3AF25200483CF0 /* PopUpViewControllerDescripcion_iPhone6Plus.xib in Resources */,
				49000FA91C59E0EB0075F6B1 /* PopUpViewControllerCompartir_iPhone6Plus.xib in Resources */,
				49A708C71C3AF26B00483CF0 /* PopUpViewController.xib in Resources */,
				49A708AA1C3AF25200483CF0 /* PopUpViewControllerFormasPago_iPhone6Plus.xib in Resources */,
				49A708B11C3AF25200483CF0 /* PopUpViewControllerTarjetas_iPhone6.xib in Resources */,
				49000FAB1C59E18D0075F6B1 /* PopUpViewControllerCompartir.xib in Resources */,
				491576791BFBCAFC00EE641D /* LaunchScreen.xib in Resources */,
				497B73B81C5597D30009E15C /* PopUpViewControllerRegistro_iPhone6.xib in Resources */,
				49A708B21C3AF25200483CF0 /* PopUpViewControllerTarjetas_iPhone6Plus.xib in Resources */,
				49000FA71C59DF9C0075F6B1 /* PopUpViewControllerCompartir_iPhone6.xib in Resources */,
				491576761BFBCAFC00EE641D /* Images.xcassets in Resources */,
				497B73D21C55B0510009E15C /* PopUpViewControllerRecuperar_iPhone6Plus.xib in Resources */,
				49A708AC1C3AF25200483CF0 /* PopUpViewControllerPagoTienda_iPad.xib in Resources */,
				49A708AE1C3AF25200483CF0 /* PopUpViewControllerPagoTienda_iPhone6Plus.xib in Resources */,
				49A708A71C3AF25200483CF0 /* PopUpViewControllerDescripcion.xib in Resources */,
				49A708C51C3AF26B00483CF0 /* PopUpViewController_iPhone6.xib in Resources */,
				497B73CE1C55AF430009E15C /* PopUpViewControllerRecuperar_iPad.xib in Resources */,
				497B73C81C55AD7A0009E15C /* PopUpViewControllerRecuperar.xib in Resources */,
				497B73D01C55AFFE0009E15C /* PopUpViewControllerRecuperar_iPhone6.xib in Resources */,
				49A708A81C3AF25200483CF0 /* PopUpViewControllerFormasPago_iPad.xib in Resources */,
				49A708B41C3AF25200483CF0 /* PopUpViewControllerWallet_iPad.xib in Resources */,
				49A708B71C3AF25200483CF0 /* PopUpViewControllerWallet.xib in Resources */,
				49A708A41C3AF25200483CF0 /* PopUpViewControllerDescripcion_iPad.xib in Resources */,
				497B73C21C55A90A0009E15C /* PopUpViewControllerRegistro_iPhone6Plus.xib in Resources */,
				497B73CA1C55AE5B0009E15C /* PopUpViewControllerRegistro.xib in Resources */,
				49A708C41C3AF26B00483CF0 /* PopUpViewController_iPad.xib in Resources */,
				49A708B61C3AF25200483CF0 /* PopUpViewControllerWallet_iPhone6Plus.xib in Resources */,
				49A708A91C3AF25200483CF0 /* PopUpViewControllerFormasPago_iPhone6.xib in Resources */,
				49A708A51C3AF25200483CF0 /* PopUpViewControllerDescripcion_iPhone6.xib in Resources */,
				49A708AD1C3AF25200483CF0 /* PopUpViewControllerPagoTienda_iPhone6.xib in Resources */,
			);
			runOnlyForDeploymentPostprocessing = 0;
		};
		4915767C1BFBCAFC00EE641D /* Resources */ = {
			isa = PBXResourcesBuildPhase;
			buildActionMask = 2147483647;
			files = (
			);
			runOnlyForDeploymentPostprocessing = 0;
		};
/* End PBXResourcesBuildPhase section */

/* Begin PBXShellScriptBuildPhase section */
		49ED44A71C15377B00BF4D77 /* ShellScript */ = {
			isa = PBXShellScriptBuildPhase;
			buildActionMask = 2147483647;
			files = (
			);
			inputPaths = (
			);
			outputPaths = (
			);
			runOnlyForDeploymentPostprocessing = 0;
			shellPath = /bin/sh;
			shellScript = "./Fabric.framework/run 61e0d9761208fae8cf2b241b23eb83a6ef7d1528 9571d3ac0b1b75bbe58cbed8fe1f7f67d5fc81b7b51eb03abe1060af9c9165c4";
		};
		4C444DC6A65E12C796FBD8CA /* Embed Pods Frameworks */ = {
			isa = PBXShellScriptBuildPhase;
			buildActionMask = 2147483647;
			files = (
			);
			inputPaths = (
			);
			name = "Embed Pods Frameworks";
			outputPaths = (
			);
			runOnlyForDeploymentPostprocessing = 0;
			shellPath = /bin/sh;
			shellScript = "\"${SRCROOT}/Pods/Target Support Files/Pods/Pods-frameworks.sh\"\n";
			showEnvVarsInLog = 0;
		};
		6256B5C055FC524CC6DD7B44 /* Check Pods Manifest.lock */ = {
			isa = PBXShellScriptBuildPhase;
			buildActionMask = 2147483647;
			files = (
			);
			inputPaths = (
			);
			name = "Check Pods Manifest.lock";
			outputPaths = (
			);
			runOnlyForDeploymentPostprocessing = 0;
			shellPath = /bin/sh;
			shellScript = "diff \"${PODS_ROOT}/../Podfile.lock\" \"${PODS_ROOT}/Manifest.lock\" > /dev/null\nif [[ $? != 0 ]] ; then\n    cat << EOM\nerror: The sandbox is not in sync with the Podfile.lock. Run 'pod install' or update your CocoaPods installation.\nEOM\n    exit 1\nfi\n";
			showEnvVarsInLog = 0;
		};
		74C5E8B54517B2509464B34E /* Copy Pods Resources */ = {
			isa = PBXShellScriptBuildPhase;
			buildActionMask = 2147483647;
			files = (
			);
			inputPaths = (
			);
			name = "Copy Pods Resources";
			outputPaths = (
			);
			runOnlyForDeploymentPostprocessing = 0;
			shellPath = /bin/sh;
			shellScript = "\"${SRCROOT}/Pods/Target Support Files/Pods/Pods-resources.sh\"\n";
			showEnvVarsInLog = 0;
		};
/* End PBXShellScriptBuildPhase section */

/* Begin PBXSourcesBuildPhase section */
		491576651BFBCAFB00EE641D /* Sources */ = {
			isa = PBXSourcesBuildPhase;
			buildActionMask = 2147483647;
			files = (
				49A708BA1C3AF25200483CF0 /* PopUpViewControllerPagoTienda.swift in Sources */,
				4974808A1C7576A700B35DDE /* SearchResultsViewController.swift in Sources */,
				490592761C00F72D006DDDD0 /* ConsejosTableViewController.swift in Sources */,
				490592781C00F742006DDDD0 /* TuCuentaViewController.swift in Sources */,
				498E91E51C67F8020012327E /* PopUpViewControllerViral.swift in Sources */,
				49BB51791BFFD4E9004E002A /* ViewController.swift in Sources */,
				49BB0E1F1C1517920079E96D /* PlatillosViewController.swift in Sources */,
				490592701C00E431006DDDD0 /* TableViewCell.swift in Sources */,
				49C3D3631BFBF9AF003B2344 /* PrincipalTableViewController.swift in Sources */,
				490592741C00F71C006DDDD0 /* FavoritosTableViewCell.swift in Sources */,
				4982994D1C462BB9003F293C /* ConsejosTableViewCell.swift in Sources */,
				49A708B91C3AF25200483CF0 /* PopUpViewControllerFormasPago.swift in Sources */,
				4905926E1C00E3A1006DDDD0 /* MenuPlatillos.swift in Sources */,
				491576711BFBCAFB00EE641D /* MenuController.swift in Sources */,
				49A708B81C3AF25200483CF0 /* PopUpViewControllerDescripcion.swift in Sources */,
				497B73B61C5597810009E15C /* PopUpViewControllerRegistro.swift in Sources */,
				495947B91C06A7FB0025AE1F /* PageItemController.swift in Sources */,
				49A708BC1C3AF25200483CF0 /* PopUpViewControllerWallet.swift in Sources */,
				490592801C0131EE006DDDD0 /* ViralizacionTableCell.swift in Sources */,
				497480891C7576A700B35DDE /* SearchControllerBaseViewController.swift in Sources */,
				497B73CC1C55AEAC0009E15C /* PopUpViewControllerRecuperar.swift in Sources */,
				49A708C81C3AF26B00483CF0 /* PopUpViewControllerSwift.swift in Sources */,
				49C3D3651BFC0542003B2344 /* PrincipalTableViewCell.swift in Sources */,
				49A708BB1C3AF25200483CF0 /* PopUpViewControllerTarjetas.swift in Sources */,
				4982994F1C465584003F293C /* PasosConsejosViewController.swift in Sources */,
				4905927E1C0131E0006DDDD0 /* ViralizacionTableViewController.swift in Sources */,
				4915766F1BFBCAFB00EE641D /* AppDelegate.swift in Sources */,
				49000FA51C59DEF40075F6B1 /* PopUpViewControllerCompartir.swift in Sources */,
				49BB0E251C151A580079E96D /* CompartirPageItemController.swift in Sources */,
				4910CA8F1C586F3000EB32C5 /* MenuPlatillosTableViewCell.swift in Sources */,
				49C3D3611BFBF6DA003B2344 /* SWRevealViewController.m in Sources */,
				4905927C1C00FE50006DDDD0 /* PerfilViewController.swift in Sources */,
				4910CA911C69461C00EB32C5 /* RegalosTableViewController.swift in Sources */,
				490592721C00F70D006DDDD0 /* FavoritosTableViewController.swift in Sources */,
			);
			runOnlyForDeploymentPostprocessing = 0;
		};
		4915767A1BFBCAFC00EE641D /* Sources */ = {
			isa = PBXSourcesBuildPhase;
			buildActionMask = 2147483647;
			files = (
				491576851BFBCAFC00EE641D /* MenuDeslizanteTests.swift in Sources */,
			);
			runOnlyForDeploymentPostprocessing = 0;
		};
/* End PBXSourcesBuildPhase section */

/* Begin PBXTargetDependency section */
		491576801BFBCAFC00EE641D /* PBXTargetDependency */ = {
			isa = PBXTargetDependency;
			target = 491576681BFBCAFB00EE641D /* MenuDeslizante */;
			targetProxy = 4915767F1BFBCAFC00EE641D /* PBXContainerItemProxy */;
		};
/* End PBXTargetDependency section */

/* Begin PBXVariantGroup section */
		491576721BFBCAFB00EE641D /* Main.storyboard */ = {
			isa = PBXVariantGroup;
			children = (
				491576731BFBCAFB00EE641D /* Base */,
			);
			name = Main.storyboard;
			sourceTree = "<group>";
		};
		491576771BFBCAFC00EE641D /* LaunchScreen.xib */ = {
			isa = PBXVariantGroup;
			children = (
				491576781BFBCAFC00EE641D /* Base */,
			);
			name = LaunchScreen.xib;
			sourceTree = "<group>";
		};
/* End PBXVariantGroup section */

/* Begin XCBuildConfiguration section */
		491576861BFBCAFC00EE641D /* Debug */ = {
			isa = XCBuildConfiguration;
			buildSettings = {
				ALWAYS_SEARCH_USER_PATHS = NO;
				CLANG_CXX_LANGUAGE_STANDARD = "gnu++0x";
				CLANG_CXX_LIBRARY = "libc++";
				CLANG_ENABLE_MODULES = YES;
				CLANG_ENABLE_OBJC_ARC = YES;
				CLANG_WARN_BOOL_CONVERSION = YES;
				CLANG_WARN_CONSTANT_CONVERSION = YES;
				CLANG_WARN_DIRECT_OBJC_ISA_USAGE = YES_ERROR;
				CLANG_WARN_EMPTY_BODY = YES;
				CLANG_WARN_ENUM_CONVERSION = YES;
				CLANG_WARN_INT_CONVERSION = YES;
				CLANG_WARN_OBJC_ROOT_CLASS = YES_ERROR;
				CLANG_WARN_UNREACHABLE_CODE = YES;
				CLANG_WARN__DUPLICATE_METHOD_MATCH = YES;
				"CODE_SIGN_IDENTITY[sdk=iphoneos*]" = "iPhone Developer";
				COPY_PHASE_STRIP = NO;
				DEBUG_INFORMATION_FORMAT = "dwarf-with-dsym";
				ENABLE_STRICT_OBJC_MSGSEND = YES;
				ENABLE_TESTABILITY = YES;
				GCC_C_LANGUAGE_STANDARD = gnu99;
				GCC_DYNAMIC_NO_PIC = NO;
				GCC_NO_COMMON_BLOCKS = YES;
				GCC_OPTIMIZATION_LEVEL = 0;
				GCC_PREPROCESSOR_DEFINITIONS = (
					"DEBUG=1",
					"$(inherited)",
				);
				GCC_SYMBOLS_PRIVATE_EXTERN = NO;
				GCC_WARN_64_TO_32_BIT_CONVERSION = YES;
				GCC_WARN_ABOUT_RETURN_TYPE = YES_ERROR;
				GCC_WARN_UNDECLARED_SELECTOR = YES;
				GCC_WARN_UNINITIALIZED_AUTOS = YES_AGGRESSIVE;
				GCC_WARN_UNUSED_FUNCTION = YES;
				GCC_WARN_UNUSED_VARIABLE = YES;
				IPHONEOS_DEPLOYMENT_TARGET = 8.3;
				MTL_ENABLE_DEBUG_INFO = YES;
				ONLY_ACTIVE_ARCH = YES;
				SDKROOT = iphoneos;
				SWIFT_OPTIMIZATION_LEVEL = "-Onone";
			};
			name = Debug;
		};
		491576871BFBCAFC00EE641D /* Release */ = {
			isa = XCBuildConfiguration;
			buildSettings = {
				ALWAYS_SEARCH_USER_PATHS = NO;
				CLANG_CXX_LANGUAGE_STANDARD = "gnu++0x";
				CLANG_CXX_LIBRARY = "libc++";
				CLANG_ENABLE_MODULES = YES;
				CLANG_ENABLE_OBJC_ARC = YES;
				CLANG_WARN_BOOL_CONVERSION = YES;
				CLANG_WARN_CONSTANT_CONVERSION = YES;
				CLANG_WARN_DIRECT_OBJC_ISA_USAGE = YES_ERROR;
				CLANG_WARN_EMPTY_BODY = YES;
				CLANG_WARN_ENUM_CONVERSION = YES;
				CLANG_WARN_INT_CONVERSION = YES;
				CLANG_WARN_OBJC_ROOT_CLASS = YES_ERROR;
				CLANG_WARN_UNREACHABLE_CODE = YES;
				CLANG_WARN__DUPLICATE_METHOD_MATCH = YES;
				"CODE_SIGN_IDENTITY[sdk=iphoneos*]" = "iPhone Developer";
				COPY_PHASE_STRIP = NO;
				DEBUG_INFORMATION_FORMAT = "dwarf-with-dsym";
				ENABLE_NS_ASSERTIONS = NO;
				ENABLE_STRICT_OBJC_MSGSEND = YES;
				GCC_C_LANGUAGE_STANDARD = gnu99;
				GCC_NO_COMMON_BLOCKS = YES;
				GCC_WARN_64_TO_32_BIT_CONVERSION = YES;
				GCC_WARN_ABOUT_RETURN_TYPE = YES_ERROR;
				GCC_WARN_UNDECLARED_SELECTOR = YES;
				GCC_WARN_UNINITIALIZED_AUTOS = YES_AGGRESSIVE;
				GCC_WARN_UNUSED_FUNCTION = YES;
				GCC_WARN_UNUSED_VARIABLE = YES;
				IPHONEOS_DEPLOYMENT_TARGET = 8.3;
				MTL_ENABLE_DEBUG_INFO = NO;
				SDKROOT = iphoneos;
				VALIDATE_PRODUCT = YES;
			};
			name = Release;
		};
		491576891BFBCAFC00EE641D /* Debug */ = {
			isa = XCBuildConfiguration;
			baseConfigurationReference = 6CE5C88EDA204E6217BFF680 /* Pods.debug.xcconfig */;
			buildSettings = {
				ASSETCATALOG_COMPILER_APPICON_NAME = AppIcon;
				CLANG_ENABLE_MODULES = YES;
				CODE_SIGN_IDENTITY = "iPhone Developer";
				"CODE_SIGN_IDENTITY[sdk=iphoneos*]" = "iPhone Developer";
				DEBUG_INFORMATION_FORMAT = dwarf;
				ENABLE_BITCODE = NO;
				FRAMEWORK_SEARCH_PATHS = (
					"$(inherited)",
					"$(PROJECT_DIR)",
				);
				INFOPLIST_FILE = MenuDeslizante/Info.plist;
				IPHONEOS_DEPLOYMENT_TARGET = 9.0;
				LD_RUNPATH_SEARCH_PATHS = "$(inherited) @executable_path/Frameworks";
				LIBRARY_SEARCH_PATHS = (
					"$(inherited)",
					"$(PROJECT_DIR)",
				);
				MACH_O_TYPE = mh_execute;
				OTHER_LDFLAGS = (
					"-lz",
					"-lsqlite3",
				);
				PRODUCT_BUNDLE_IDENTIFIER = com.devworms.toukanmango;
				PRODUCT_NAME = "$(TARGET_NAME)";
				PROVISIONING_PROFILE = "";
				SWIFT_OBJC_BRIDGING_HEADER = "MenuDeslizante/MenuDeslizante-Bridging-Header.h";
				SWIFT_OPTIMIZATION_LEVEL = "-Onone";
				TARGETED_DEVICE_FAMILY = "1,2";
			};
			name = Debug;
		};
		4915768A1BFBCAFC00EE641D /* Release */ = {
			isa = XCBuildConfiguration;
			baseConfigurationReference = 5BEA89E15BD88CC6203F403D /* Pods.release.xcconfig */;
			buildSettings = {
				ASSETCATALOG_COMPILER_APPICON_NAME = AppIcon;
				CLANG_ENABLE_MODULES = YES;
				CODE_SIGN_IDENTITY = "iPhone Developer";
				"CODE_SIGN_IDENTITY[sdk=iphoneos*]" = "iPhone Developer";
				FRAMEWORK_SEARCH_PATHS = (
					"$(inherited)",
					"$(PROJECT_DIR)",
				);
				INFOPLIST_FILE = MenuDeslizante/Info.plist;
				IPHONEOS_DEPLOYMENT_TARGET = 9.0;
				LD_RUNPATH_SEARCH_PATHS = "$(inherited) @executable_path/Frameworks";
				LIBRARY_SEARCH_PATHS = (
					"$(inherited)",
					"$(PROJECT_DIR)",
				);
				MACH_O_TYPE = mh_execute;
				OTHER_LDFLAGS = (
					"-lz",
					"-lsqlite3",
				);
				PRODUCT_BUNDLE_IDENTIFIER = com.devworms.toukanmango;
				PRODUCT_NAME = "$(TARGET_NAME)";
				PROVISIONING_PROFILE = "";
				SWIFT_OBJC_BRIDGING_HEADER = "MenuDeslizante/MenuDeslizante-Bridging-Header.h";
				TARGETED_DEVICE_FAMILY = "1,2";
			};
			name = Release;
		};
		4915768C1BFBCAFC00EE641D /* Debug */ = {
			isa = XCBuildConfiguration;
			buildSettings = {
				BUNDLE_LOADER = "$(TEST_HOST)";
				FRAMEWORK_SEARCH_PATHS = (
					"$(SDKROOT)/Developer/Library/Frameworks",
					"$(inherited)",
				);
				GCC_PREPROCESSOR_DEFINITIONS = (
					"DEBUG=1",
					"$(inherited)",
				);
				INFOPLIST_FILE = MenuDeslizanteTests/Info.plist;
				LD_RUNPATH_SEARCH_PATHS = "$(inherited) @executable_path/Frameworks @loader_path/Frameworks";
				PRODUCT_BUNDLE_IDENTIFIER = "ejemplo.DevWorms.$(PRODUCT_NAME:rfc1034identifier)";
				PRODUCT_NAME = "$(TARGET_NAME)";
				TEST_HOST = "$(BUILT_PRODUCTS_DIR)/MenuDeslizante.app/MenuDeslizante";
			};
			name = Debug;
		};
		4915768D1BFBCAFC00EE641D /* Release */ = {
			isa = XCBuildConfiguration;
			buildSettings = {
				BUNDLE_LOADER = "$(TEST_HOST)";
				FRAMEWORK_SEARCH_PATHS = (
					"$(SDKROOT)/Developer/Library/Frameworks",
					"$(inherited)",
				);
				INFOPLIST_FILE = MenuDeslizanteTests/Info.plist;
				LD_RUNPATH_SEARCH_PATHS = "$(inherited) @executable_path/Frameworks @loader_path/Frameworks";
				PRODUCT_BUNDLE_IDENTIFIER = "ejemplo.DevWorms.$(PRODUCT_NAME:rfc1034identifier)";
				PRODUCT_NAME = "$(TARGET_NAME)";
				TEST_HOST = "$(BUILT_PRODUCTS_DIR)/MenuDeslizante.app/MenuDeslizante";
			};
			name = Release;
		};
/* End XCBuildConfiguration section */

/* Begin XCConfigurationList section */
		491576641BFBCAFB00EE641D /* Build configuration list for PBXProject "MenuDeslizante" */ = {
			isa = XCConfigurationList;
			buildConfigurations = (
				491576861BFBCAFC00EE641D /* Debug */,
				491576871BFBCAFC00EE641D /* Release */,
			);
			defaultConfigurationIsVisible = 0;
			defaultConfigurationName = Release;
		};
		491576881BFBCAFC00EE641D /* Build configuration list for PBXNativeTarget "MenuDeslizante" */ = {
			isa = XCConfigurationList;
			buildConfigurations = (
				491576891BFBCAFC00EE641D /* Debug */,
				4915768A1BFBCAFC00EE641D /* Release */,
			);
			defaultConfigurationIsVisible = 0;
			defaultConfigurationName = Release;
		};
		4915768B1BFBCAFC00EE641D /* Build configuration list for PBXNativeTarget "MenuDeslizanteTests" */ = {
			isa = XCConfigurationList;
			buildConfigurations = (
				4915768C1BFBCAFC00EE641D /* Debug */,
				4915768D1BFBCAFC00EE641D /* Release */,
			);
			defaultConfigurationIsVisible = 0;
			defaultConfigurationName = Release;
		};
/* End XCConfigurationList section */
	};
	rootObject = 491576611BFBCAFB00EE641D /* Project object */;
}
